
Microsoft Visual Studio Solution File, Format Version 12.00
# Visual Studio Version 17
VisualStudioVersion = 17.10.34916.146
MinimumVisualStudioVersion = 10.0.40219.1
Project("{FAE04EC0-301F-11D3-BF4B-00C04F79EFBC}") = "ModelControllerView", "ModelControllerView\ModelControllerView.csproj", "{FA6726A0-37E4-4C11-A1DE-48D94B7E8033}"
EndProject
Global
	GlobalSection(SolutionConfigurationPlatforms) = preSolution
		Debug|Any CPU = Debug|Any CPU
		Release|Any CPU = Release|Any CPU
	EndGlobalSection
	GlobalSection(ProjectConfigurationPlatforms) = postSolution
		{FA6726A0-37E4-4C11-A1DE-48D94B7E8033}.Debug|Any CPU.ActiveCfg = Debug|Any CPU
		{FA6726A0-37E4-4C11-A1DE-48D94B7E8033}.Debug|Any CPU.Build.0 = Debug|Any CPU
		{FA6726A0-37E4-4C11-A1DE-48D94B7E8033}.Release|Any CPU.ActiveCfg = Release|Any CPU
		{FA6726A0-37E4-4C11-A1DE-48D94B7E8033}.Release|Any CPU.Build.0 = Release|Any CPU
	EndGlobalSection
	GlobalSection(SolutionProperties) = preSolution
		HideSolutionNode = FALSE
	EndGlobalSection
	GlobalSection(ExtensibilityGlobals) = postSolution
		SolutionGuid = {B37F73BE-7BB4-4E2B-905B-EC58352057D2}
	EndGlobalSection
EndGlobal
